// !$*UTF8*$!
{
	archiveVersion = 1;
	classes = {
	};
	objectVersion = 56;
	objects = {

/* Begin PBXBuildFile section */
		AE3AADC62B15984A00AB73F6 /* AppDelegate.swift in Sources */ = {isa = PBXBuildFile; fileRef = AE3AADC52B15984A00AB73F6 /* AppDelegate.swift */; };
		AE3AADC82B15984A00AB73F6 /* SceneDelegate.swift in Sources */ = {isa = PBXBuildFile; fileRef = AE3AADC72B15984A00AB73F6 /* SceneDelegate.swift */; };
		AE3AADCA2B15984A00AB73F6 /* MainVC.swift in Sources */ = {isa = PBXBuildFile; fileRef = AE3AADC92B15984A00AB73F6 /* MainVC.swift */; };
		AE3AADCD2B15984A00AB73F6 /* Main.storyboard in Resources */ = {isa = PBXBuildFile; fileRef = AE3AADCB2B15984A00AB73F6 /* Main.storyboard */; };
		AE3AADCF2B15984B00AB73F6 /* Assets.xcassets in Resources */ = {isa = PBXBuildFile; fileRef = AE3AADCE2B15984B00AB73F6 /* Assets.xcassets */; };
		AE3AADD22B15984B00AB73F6 /* LaunchScreen.storyboard in Resources */ = {isa = PBXBuildFile; fileRef = AE3AADD02B15984B00AB73F6 /* LaunchScreen.storyboard */; };
		AE3AADDC2B15A82700AB73F6 /* CurrencyTxtField.swift in Sources */ = {isa = PBXBuildFile; fileRef = AE3AADDB2B15A82700AB73F6 /* CurrencyTxtField.swift */; };
		AE603DCF2B179021003D199B /* Wage.swift in Sources */ = {isa = PBXBuildFile; fileRef = AE603DCE2B179021003D199B /* Wage.swift */; };
		AE603DD72B1792F0003D199B /* Window_ShopperTests.swift in Sources */ = {isa = PBXBuildFile; fileRef = AE603DD62B1792F0003D199B /* Window_ShopperTests.swift */; };
		AE603DDD2B1792FB003D199B /* Wage.swift in Sources */ = {isa = PBXBuildFile; fileRef = AE603DCE2B179021003D199B /* Wage.swift */; };
/* End PBXBuildFile section */

/* Begin PBXContainerItemProxy section */
		AE603DD82B1792F0003D199B /* PBXContainerItemProxy */ = {
			isa = PBXContainerItemProxy;
			containerPortal = AE3AADBA2B15984A00AB73F6 /* Project object */;
			proxyType = 1;
			remoteGlobalIDString = AE3AADC12B15984A00AB73F6;
			remoteInfo = "Window Shopper";
		};
/* End PBXContainerItemProxy section */

/* Begin PBXFileReference section */
		AE3AADC22B15984A00AB73F6 /* Window Shopper.app */ = {isa = PBXFileReference; explicitFileType = wrapper.application; includeInIndex = 0; path = "Window Shopper.app"; sourceTree = BUILT_PRODUCTS_DIR; };
		AE3AADC52B15984A00AB73F6 /* AppDelegate.swift */ = {isa = PBXFileReference; lastKnownFileType = sourcecode.swift; path = AppDelegate.swift; sourceTree = "<group>"; };
		AE3AADC72B15984A00AB73F6 /* SceneDelegate.swift */ = {isa = PBXFileReference; lastKnownFileType = sourcecode.swift; path = SceneDelegate.swift; sourceTree = "<group>"; };
		AE3AADC92B15984A00AB73F6 /* MainVC.swift */ = {isa = PBXFileReference; lastKnownFileType = sourcecode.swift; path = MainVC.swift; sourceTree = "<group>"; };
		AE3AADCC2B15984A00AB73F6 /* Base */ = {isa = PBXFileReference; lastKnownFileType = file.storyboard; name = Base; path = Base.lproj/Main.storyboard; sourceTree = "<group>"; };
		AE3AADCE2B15984B00AB73F6 /* Assets.xcassets */ = {isa = PBXFileReference; lastKnownFileType = folder.assetcatalog; path = Assets.xcassets; sourceTree = "<group>"; };
		AE3AADD12B15984B00AB73F6 /* Base */ = {isa = PBXFileReference; lastKnownFileType = file.storyboard; name = Base; path = Base.lproj/LaunchScreen.storyboard; sourceTree = "<group>"; };
		AE3AADD32B15984B00AB73F6 /* Info.plist */ = {isa = PBXFileReference; lastKnownFileType = text.plist.xml; path = Info.plist; sourceTree = "<group>"; };
		AE3AADDB2B15A82700AB73F6 /* CurrencyTxtField.swift */ = {isa = PBXFileReference; lastKnownFileType = sourcecode.swift; path = CurrencyTxtField.swift; sourceTree = "<group>"; };
		AE603DCE2B179021003D199B /* Wage.swift */ = {isa = PBXFileReference; lastKnownFileType = sourcecode.swift; path = Wage.swift; sourceTree = "<group>"; };
		AE603DD42B1792F0003D199B /* Window ShopperTests.xctest */ = {isa = PBXFileReference; explicitFileType = wrapper.cfbundle; includeInIndex = 0; path = "Window ShopperTests.xctest"; sourceTree = BUILT_PRODUCTS_DIR; };
		AE603DD62B1792F0003D199B /* Window_ShopperTests.swift */ = {isa = PBXFileReference; lastKnownFileType = sourcecode.swift; path = Window_ShopperTests.swift; sourceTree = "<group>"; };
/* End PBXFileReference section */

/* Begin PBXFrameworksBuildPhase section */
		AE3AADBF2B15984A00AB73F6 /* Frameworks */ = {
			isa = PBXFrameworksBuildPhase;
			buildActionMask = 2147483647;
			files = (
			);
			runOnlyForDeploymentPostprocessing = 0;
		};
		AE603DD12B1792F0003D199B /* Frameworks */ = {
			isa = PBXFrameworksBuildPhase;
			buildActionMask = 2147483647;
			files = (
			);
			runOnlyForDeploymentPostprocessing = 0;
		};
/* End PBXFrameworksBuildPhase section */

/* Begin PBXGroup section */
		AE3AADB92B15984A00AB73F6 = {
			isa = PBXGroup;
			children = (
				AE3AADC42B15984A00AB73F6 /* Window Shopper */,
				AE603DD52B1792F0003D199B /* Window ShopperTests */,
				AE3AADC32B15984A00AB73F6 /* Products */,
			);
			sourceTree = "<group>";
		};
		AE3AADC32B15984A00AB73F6 /* Products */ = {
			isa = PBXGroup;
			children = (
				AE3AADC22B15984A00AB73F6 /* Window Shopper.app */,
				AE603DD42B1792F0003D199B /* Window ShopperTests.xctest */,
			);
			name = Products;
			sourceTree = "<group>";
		};
		AE3AADC42B15984A00AB73F6 /* Window Shopper */ = {
			isa = PBXGroup;
			children = (
				AE603DCD2B17900E003D199B /* Model */,
				AE3AADDA2B15A80400AB73F6 /* View */,
				AE3AADD92B15A07600AB73F6 /* Controller */,
				AE3AADC52B15984A00AB73F6 /* AppDelegate.swift */,
				AE3AADC72B15984A00AB73F6 /* SceneDelegate.swift */,
				AE3AADCB2B15984A00AB73F6 /* Main.storyboard */,
				AE3AADCE2B15984B00AB73F6 /* Assets.xcassets */,
				AE3AADD02B15984B00AB73F6 /* LaunchScreen.storyboard */,
				AE3AADD32B15984B00AB73F6 /* Info.plist */,
			);
			path = "Window Shopper";
			sourceTree = "<group>";
		};
		AE3AADD92B15A07600AB73F6 /* Controller */ = {
			isa = PBXGroup;
			children = (
				AE3AADC92B15984A00AB73F6 /* MainVC.swift */,
			);
			path = Controller;
			sourceTree = "<group>";
		};
		AE3AADDA2B15A80400AB73F6 /* View */ = {
			isa = PBXGroup;
			children = (
				AE3AADDB2B15A82700AB73F6 /* CurrencyTxtField.swift */,
			);
			path = View;
			sourceTree = "<group>";
		};
		AE603DCD2B17900E003D199B /* Model */ = {
			isa = PBXGroup;
			children = (
				AE603DCE2B179021003D199B /* Wage.swift */,
			);
			path = Model;
			sourceTree = "<group>";
		};
		AE603DD52B1792F0003D199B /* Window ShopperTests */ = {
			isa = PBXGroup;
			children = (
				AE603DD62B1792F0003D199B /* Window_ShopperTests.swift */,
			);
			path = "Window ShopperTests";
			sourceTree = "<group>";
		};
/* End PBXGroup section */

/* Begin PBXNativeTarget section */
		AE3AADC12B15984A00AB73F6 /* Window Shopper */ = {
			isa = PBXNativeTarget;
			buildConfigurationList = AE3AADD62B15984B00AB73F6 /* Build configuration list for PBXNativeTarget "Window Shopper" */;
			buildPhases = (
				AE3AADBE2B15984A00AB73F6 /* Sources */,
				AE3AADBF2B15984A00AB73F6 /* Frameworks */,
				AE3AADC02B15984A00AB73F6 /* Resources */,
			);
			buildRules = (
			);
			dependencies = (
			);
			name = "Window Shopper";
			productName = "Window Shopper";
			productReference = AE3AADC22B15984A00AB73F6 /* Window Shopper.app */;
			productType = "com.apple.product-type.application";
		};
		AE603DD32B1792F0003D199B /* Window ShopperTests */ = {
			isa = PBXNativeTarget;
			buildConfigurationList = AE603DDA2B1792F0003D199B /* Build configuration list for PBXNativeTarget "Window ShopperTests" */;
			buildPhases = (
				AE603DD02B1792F0003D199B /* Sources */,
				AE603DD12B1792F0003D199B /* Frameworks */,
				AE603DD22B1792F0003D199B /* Resources */,
			);
			buildRules = (
			);
			dependencies = (
				AE603DD92B1792F0003D199B /* PBXTargetDependency */,
			);
			name = "Window ShopperTests";
			productName = "Window ShopperTests";
			productReference = AE603DD42B1792F0003D199B /* Window ShopperTests.xctest */;
			productType = "com.apple.product-type.bundle.unit-test";
		};
/* End PBXNativeTarget section */

/* Begin PBXProject section */
		AE3AADBA2B15984A00AB73F6 /* Project object */ = {
			isa = PBXProject;
			attributes = {
				BuildIndependentTargetsInParallel = 1;
				LastSwiftUpdateCheck = 1420;
				LastUpgradeCheck = 1420;
				TargetAttributes = {
					AE3AADC12B15984A00AB73F6 = {
						CreatedOnToolsVersion = 14.2;
					};
					AE603DD32B1792F0003D199B = {
						CreatedOnToolsVersion = 14.2;
						TestTargetID = AE3AADC12B15984A00AB73F6;
					};
				};
			};
			buildConfigurationList = AE3AADBD2B15984A00AB73F6 /* Build configuration list for PBXProject "Window Shopper" */;
			compatibilityVersion = "Xcode 14.0";
			developmentRegion = en;
			hasScannedForEncodings = 0;
			knownRegions = (
				en,
				Base,
			);
			mainGroup = AE3AADB92B15984A00AB73F6;
			productRefGroup = AE3AADC32B15984A00AB73F6 /* Products */;
			projectDirPath = "";
			projectRoot = "";
			targets = (
				AE3AADC12B15984A00AB73F6 /* Window Shopper */,
				AE603DD32B1792F0003D199B /* Window ShopperTests */,
			);
		};
/* End PBXProject section */

/* Begin PBXResourcesBuildPhase section */
		AE3AADC02B15984A00AB73F6 /* Resources */ = {
			isa = PBXResourcesBuildPhase;
			buildActionMask = 2147483647;
			files = (
				AE3AADD22B15984B00AB73F6 /* LaunchScreen.storyboard in Resources */,
				AE3AADCF2B15984B00AB73F6 /* Assets.xcassets in Resources */,
				AE3AADCD2B15984A00AB73F6 /* Main.storyboard in Resources */,
			);
			runOnlyForDeploymentPostprocessing = 0;
		};
		AE603DD22B1792F0003D199B /* Resources */ = {
			isa = PBXResourcesBuildPhase;
			buildActionMask = 2147483647;
			files = (
			);
			runOnlyForDeploymentPostprocessing = 0;
		};
/* End PBXResourcesBuildPhase section */

/* Begin PBXSourcesBuildPhase section */
		AE3AADBE2B15984A00AB73F6 /* Sources */ = {
			isa = PBXSourcesBuildPhase;
			buildActionMask = 2147483647;
			files = (
				AE3AADDC2B15A82700AB73F6 /* CurrencyTxtField.swift in Sources */,
				AE3AADCA2B15984A00AB73F6 /* MainVC.swift in Sources */,
				AE603DCF2B179021003D199B /* Wage.swift in Sources */,
				AE3AADC62B15984A00AB73F6 /* AppDelegate.swift in Sources */,
				AE3AADC82B15984A00AB73F6 /* SceneDelegate.swift in Sources */,
			);
			runOnlyForDeploymentPostprocessing = 0;
		};
		AE603DD02B1792F0003D199B /* Sources */ = {
			isa = PBXSourcesBuildPhase;
			buildActionMask = 2147483647;
			files = (
				AE603DD72B1792F0003D199B /* Window_ShopperTests.swift in Sources */,
				AE603DDD2B1792FB003D199B /* Wage.swift in Sources */,
			);
			runOnlyForDeploymentPostprocessing = 0;
		};
/* End PBXSourcesBuildPhase section */

/* Begin PBXTargetDependency section */
		AE603DD92B1792F0003D199B /* PBXTargetDependency */ = {
			isa = PBXTargetDependency;
			target = AE3AADC12B15984A00AB73F6 /* Window Shopper */;
			targetProxy = AE603DD82B1792F0003D199B /* PBXContainerItemProxy */;
		};
/* End PBXTargetDependency section */

/* Begin PBXVariantGroup section */
		AE3AADCB2B15984A00AB73F6 /* Main.storyboard */ = {
			isa = PBXVariantGroup;
			children = (
				AE3AADCC2B15984A00AB73F6 /* Base */,
			);
			name = Main.storyboard;
			sourceTree = "<group>";
		};
		AE3AADD02B15984B00AB73F6 /* LaunchScreen.storyboard */ = {
			isa = PBXVariantGroup;
			children = (
				AE3AADD12B15984B00AB73F6 /* Base */,
			);
			name = LaunchScreen.storyboard;
			sourceTree = "<group>";
		};
/* End PBXVariantGroup section */

/* Begin XCBuildConfiguration section */
		AE3AADD42B15984B00AB73F6 /* Debug */ = {
			isa = XCBuildConfiguration;
			buildSettings = {
				ALWAYS_SEARCH_USER_PATHS = NO;
				CLANG_ANALYZER_NONNULL = YES;
				CLANG_ANALYZER_NUMBER_OBJECT_CONVERSION = YES_AGGRESSIVE;
				CLANG_CXX_LANGUAGE_STANDARD = "gnu++20";
				CLANG_ENABLE_MODULES = YES;
				CLANG_ENABLE_OBJC_ARC = YES;
				CLANG_ENABLE_OBJC_WEAK = YES;
				CLANG_WARN_BLOCK_CAPTURE_AUTORELEASING = YES;
				CLANG_WARN_BOOL_CONVERSION = YES;
				CLANG_WARN_COMMA = YES;
				CLANG_WARN_CONSTANT_CONVERSION = YES;
				CLANG_WARN_DEPRECATED_OBJC_IMPLEMENTATIONS = YES;
				CLANG_WARN_DIRECT_OBJC_ISA_USAGE = YES_ERROR;
				CLANG_WARN_DOCUMENTATION_COMMENTS = YES;
				CLANG_WARN_EMPTY_BODY = YES;
				CLANG_WARN_ENUM_CONVERSION = YES;
				CLANG_WARN_INFINITE_RECURSION = YES;
				CLANG_WARN_INT_CONVERSION = YES;
				CLANG_WARN_NON_LITERAL_NULL_CONVERSION = YES;
				CLANG_WARN_OBJC_IMPLICIT_RETAIN_SELF = YES;
				CLANG_WARN_OBJC_LITERAL_CONVERSION = YES;
				CLANG_WARN_OBJC_ROOT_CLASS = YES_ERROR;
				CLANG_WARN_QUOTED_INCLUDE_IN_FRAMEWORK_HEADER = YES;
				CLANG_WARN_RANGE_LOOP_ANALYSIS = YES;
				CLANG_WARN_STRICT_PROTOTYPES = YES;
				CLANG_WARN_SUSPICIOUS_MOVE = YES;
				CLANG_WARN_UNGUARDED_AVAILABILITY = YES_AGGRESSIVE;
				CLANG_WARN_UNREACHABLE_CODE = YES;
				CLANG_WARN__DUPLICATE_METHOD_MATCH = YES;
				COPY_PHASE_STRIP = NO;
				DEBUG_INFORMATION_FORMAT = dwarf;
				ENABLE_STRICT_OBJC_MSGSEND = YES;
				ENABLE_TESTABILITY = YES;
				GCC_C_LANGUAGE_STANDARD = gnu11;
				GCC_DYNAMIC_NO_PIC = NO;
				GCC_NO_COMMON_BLOCKS = YES;
				GCC_OPTIMIZATION_LEVEL = 0;
				GCC_PREPROCESSOR_DEFINITIONS = (
					"DEBUG=1",
					"$(inherited)",
				);
				GCC_WARN_64_TO_32_BIT_CONVERSION = YES;
				GCC_WARN_ABOUT_RETURN_TYPE = YES_ERROR;
				GCC_WARN_UNDECLARED_SELECTOR = YES;
				GCC_WARN_UNINITIALIZED_AUTOS = YES_AGGRESSIVE;
				GCC_WARN_UNUSED_FUNCTION = YES;
				GCC_WARN_UNUSED_VARIABLE = YES;
				IPHONEOS_DEPLOYMENT_TARGET = 16.2;
				MTL_ENABLE_DEBUG_INFO = INCLUDE_SOURCE;
				MTL_FAST_MATH = YES;
				ONLY_ACTIVE_ARCH = YES;
				SDKROOT = iphoneos;
				SWIFT_ACTIVE_COMPILATION_CONDITIONS = DEBUG;
				SWIFT_OPTIMIZATION_LEVEL = "-Onone";
			};
			name = Debug;
		};
		AE3AADD52B15984B00AB73F6 /* Release */ = {
			isa = XCBuildConfiguration;
			buildSettings = {
				ALWAYS_SEARCH_USER_PATHS = NO;
				CLANG_ANALYZER_NONNULL = YES;
				CLANG_ANALYZER_NUMBER_OBJECT_CONVERSION = YES_AGGRESSIVE;
				CLANG_CXX_LANGUAGE_STANDARD = "gnu++20";
				CLANG_ENABLE_MODULES = YES;
				CLANG_ENABLE_OBJC_ARC = YES;
				CLANG_ENABLE_OBJC_WEAK = YES;
				CLANG_WARN_BLOCK_CAPTURE_AUTORELEASING = YES;
				CLANG_WARN_BOOL_CONVERSION = YES;
				CLANG_WARN_COMMA = YES;
				CLANG_WARN_CONSTANT_CONVERSION = YES;
				CLANG_WARN_DEPRECATED_OBJC_IMPLEMENTATIONS = YES;
				CLANG_WARN_DIRECT_OBJC_ISA_USAGE = YES_ERROR;
				CLANG_WARN_DOCUMENTATION_COMMENTS = YES;
				CLANG_WARN_EMPTY_BODY = YES;
				CLANG_WARN_ENUM_CONVERSION = YES;
				CLANG_WARN_INFINITE_RECURSION = YES;
				CLANG_WARN_INT_CONVERSION = YES;
				CLANG_WARN_NON_LITERAL_NULL_CONVERSION = YES;
				CLANG_WARN_OBJC_IMPLICIT_RETAIN_SELF = YES;
				CLANG_WARN_OBJC_LITERAL_CONVERSION = YES;
				CLANG_WARN_OBJC_ROOT_CLASS = YES_ERROR;
				CLANG_WARN_QUOTED_INCLUDE_IN_FRAMEWORK_HEADER = YES;
				CLANG_WARN_RANGE_LOOP_ANALYSIS = YES;
				CLANG_WARN_STRICT_PROTOTYPES = YES;
				CLANG_WARN_SUSPICIOUS_MOVE = YES;
				CLANG_WARN_UNGUARDED_AVAILABILITY = YES_AGGRESSIVE;
				CLANG_WARN_UNREACHABLE_CODE = YES;
				CLANG_WARN__DUPLICATE_METHOD_MATCH = YES;
				COPY_PHASE_STRIP = NO;
				DEBUG_INFORMATION_FORMAT = "dwarf-with-dsym";
				ENABLE_NS_ASSERTIONS = NO;
				ENABLE_STRICT_OBJC_MSGSEND = YES;
				GCC_C_LANGUAGE_STANDARD = gnu11;
				GCC_NO_COMMON_BLOCKS = YES;
				GCC_WARN_64_TO_32_BIT_CONVERSION = YES;
				GCC_WARN_ABOUT_RETURN_TYPE = YES_ERROR;
				GCC_WARN_UNDECLARED_SELECTOR = YES;
				GCC_WARN_UNINITIALIZED_AUTOS = YES_AGGRESSIVE;
				GCC_WARN_UNUSED_FUNCTION = YES;
				GCC_WARN_UNUSED_VARIABLE = YES;
				IPHONEOS_DEPLOYMENT_TARGET = 16.2;
				MTL_ENABLE_DEBUG_INFO = NO;
				MTL_FAST_MATH = YES;
				SDKROOT = iphoneos;
				SWIFT_COMPILATION_MODE = wholemodule;
				SWIFT_OPTIMIZATION_LEVEL = "-O";
				VALIDATE_PRODUCT = YES;
			};
			name = Release;
		};
		AE3AADD72B15984B00AB73F6 /* Debug */ = {
			isa = XCBuildConfiguration;
			buildSettings = {
				ASSETCATALOG_COMPILER_APPICON_NAME = AppIcon;
				ASSETCATALOG_COMPILER_GLOBAL_ACCENT_COLOR_NAME = AccentColor;
				CODE_SIGN_STYLE = Automatic;
				CURRENT_PROJECT_VERSION = 1;
				DEVELOPMENT_TEAM = 4V2B9B66RL;
				GENERATE_INFOPLIST_FILE = YES;
				INFOPLIST_FILE = "Window Shopper/Info.plist";
				INFOPLIST_KEY_UIApplicationSupportsIndirectInputEvents = YES;
				INFOPLIST_KEY_UILaunchStoryboardName = LaunchScreen;
				INFOPLIST_KEY_UIMainStoryboardFile = Main;
				INFOPLIST_KEY_UISupportedInterfaceOrientations_iPad = "UIInterfaceOrientationPortrait UIInterfaceOrientationPortraitUpsideDown UIInterfaceOrientationLandscapeLeft UIInterfaceOrientationLandscapeRight";
				INFOPLIST_KEY_UISupportedInterfaceOrientations_iPhone = "UIInterfaceOrientationPortrait UIInterfaceOrientationLandscapeLeft UIInterfaceOrientationLandscapeRight";
				IPHONEOS_DEPLOYMENT_TARGET = 13.0;
				LD_RUNPATH_SEARCH_PATHS = (
					"$(inherited)",
					"@executable_path/Frameworks",
				);
				MARKETING_VERSION = 1.0;
				PRODUCT_BUNDLE_IDENTIFIER = "com.sarkhel.Window-Shopper";
				PRODUCT_NAME = "$(TARGET_NAME)";
				SWIFT_EMIT_LOC_STRINGS = YES;
				SWIFT_VERSION = 5.0;
				TARGETED_DEVICE_FAMILY = "1,2";
			};
			name = Debug;
		};
		AE3AADD82B15984B00AB73F6 /* Release */ = {
			isa = XCBuildConfiguration;
			buildSettings = {
				ASSETCATALOG_COMPILER_APPICON_NAME = AppIcon;
				ASSETCATALOG_COMPILER_GLOBAL_ACCENT_COLOR_NAME = AccentColor;
				CODE_SIGN_STYLE = Automatic;
				CURRENT_PROJECT_VERSION = 1;
				DEVELOPMENT_TEAM = 4V2B9B66RL;
				GENERATE_INFOPLIST_FILE = YES;
				INFOPLIST_FILE = "Window Shopper/Info.plist";
				INFOPLIST_KEY_UIApplicationSupportsIndirectInputEvents = YES;
				INFOPLIST_KEY_UILaunchStoryboardName = LaunchScreen;
				INFOPLIST_KEY_UIMainStoryboardFile = Main;
				INFOPLIST_KEY_UISupportedInterfaceOrientations_iPad = "UIInterfaceOrientationPortrait UIInterfaceOrientationPortraitUpsideDown UIInterfaceOrientationLandscapeLeft UIInterfaceOrientationLandscapeRight";
				INFOPLIST_KEY_UISupportedInterfaceOrientations_iPhone = "UIInterfaceOrientationPortrait UIInterfaceOrientationLandscapeLeft UIInterfaceOrientationLandscapeRight";
				IPHONEOS_DEPLOYMENT_TARGET = 13.0;
				LD_RUNPATH_SEARCH_PATHS = (
					"$(inherited)",
					"@executable_path/Frameworks",
				);
				MARKETING_VERSION = 1.0;
				PRODUCT_BUNDLE_IDENTIFIER = "com.sarkhel.Window-Shopper";
				PRODUCT_NAME = "$(TARGET_NAME)";
				SWIFT_EMIT_LOC_STRINGS = YES;
				SWIFT_VERSION = 5.0;
				TARGETED_DEVICE_FAMILY = "1,2";
			};
			name = Release;
		};
		AE603DDB2B1792F0003D199B /* Debug */ = {
			isa = XCBuildConfiguration;
			buildSettings = {
				BUNDLE_LOADER = "$(TEST_HOST)";
				CODE_SIGN_STYLE = Automatic;
				CURRENT_PROJECT_VERSION = 1;
				DEVELOPMENT_TEAM = 4V2B9B66RL;
				GENERATE_INFOPLIST_FILE = YES;
				MARKETING_VERSION = 1.0;
				PRODUCT_BUNDLE_IDENTIFIER = "com.sarkhel.Window-ShopperTests";
				PRODUCT_NAME = "$(TARGET_NAME)";
				SWIFT_EMIT_LOC_STRINGS = NO;
				SWIFT_VERSION = 5.0;
				TARGETED_DEVICE_FAMILY = "1,2";
				TEST_HOST = "$(BUILT_PRODUCTS_DIR)/Window Shopper.app/$(BUNDLE_EXECUTABLE_FOLDER_PATH)/Window Shopper";
			};
			name = Debug;
		};
		AE603DDC2B1792F0003D199B /* Release */ = {
			isa = XCBuildConfiguration;
			buildSettings = {
				BUNDLE_LOADER = "$(TEST_HOST)";
				CODE_SIGN_STYLE = Automatic;
				CURRENT_PROJECT_VERSION = 1;
				DEVELOPMENT_TEAM = 4V2B9B66RL;
				GENERATE_INFOPLIST_FILE = YES;
				MARKETING_VERSION = 1.0;
				PRODUCT_BUNDLE_IDENTIFIER = "com.sarkhel.Window-ShopperTests";
				PRODUCT_NAME = "$(TARGET_NAME)";
				SWIFT_EMIT_LOC_STRINGS = NO;
				SWIFT_VERSION = 5.0;
				TARGETED_DEVICE_FAMILY = "1,2";
				TEST_HOST = "$(BUILT_PRODUCTS_DIR)/Window Shopper.app/$(BUNDLE_EXECUTABLE_FOLDER_PATH)/Window Shopper";
			};
			name = Release;
		};
/* End XCBuildConfiguration section */

/* Begin XCConfigurationList section */
		AE3AADBD2B15984A00AB73F6 /* Build configuration list for PBXProject "Window Shopper" */ = {
			isa = XCConfigurationList;
			buildConfigurations = (
				AE3AADD42B15984B00AB73F6 /* Debug */,
				AE3AADD52B15984B00AB73F6 /* Release */,
			);
			defaultConfigurationIsVisible = 0;
			defaultConfigurationName = Release;
		};
		AE3AADD62B15984B00AB73F6 /* Build configuration list for PBXNativeTarget "Window Shopper" */ = {
			isa = XCConfigurationList;
			buildConfigurations = (
				AE3AADD72B15984B00AB73F6 /* Debug */,
				AE3AADD82B15984B00AB73F6 /* Release */,
			);
			defaultConfigurationIsVisible = 0;
			defaultConfigurationName = Release;
		};
		AE603DDA2B1792F0003D199B /* Build configuration list for PBXNativeTarget "Window ShopperTests" */ = {
			isa = XCConfigurationList;
			buildConfigurations = (
				AE603DDB2B1792F0003D199B /* Debug */,
				AE603DDC2B1792F0003D199B /* Release */,
			);
			defaultConfigurationIsVisible = 0;
			defaultConfigurationName = Release;
		};
/* End XCConfigurationList section */
	};
	rootObject = AE3AADBA2B15984A00AB73F6 /* Project object */;
}
